// !$*UTF8*$!
{
	archiveVersion = 1;
	classes = {
	};
	objectVersion = 54;
	objects = {

/* Begin PBXBuildFile section */
		"1F0697F6-075F-4263-936D-ABD0717789AC" /* SyphonNameboundClient.m in Sources */ = {isa = PBXBuildFile; fileRef = "E2900DA0-BC8C-45AD-BD39-2A4CE63E7B9A" /* SyphonNameboundClient.m */; };
		"28EC23BA-8B49-49E1-AA9B-C3C935A6CBD3" /* ofxSyphonClient.mm in Sources */ = {isa = PBXBuildFile; fileRef = "7F76373E-E199-48A4-A374-57236C7675B3" /* ofxSyphonClient.mm */; };
		"3DF34F6F-0B7A-444F-9709-E5D3FB482438" /* Syphon.framework in CopyFiles */ = {isa = PBXBuildFile; fileRef = "91BFF749-C518-4574-84AC-344A7D53EF5C" /* Syphon.framework */; settings = {ATTRIBUTES = (CodeSignOnCopy, ); }; };
		458461E52DBA9B9D0072E21E /* libASICamera2.dylib.1.37 in Frameworks */ = {isa = PBXBuildFile; fileRef = 458461E42DBA9B9D0072E21E /* libASICamera2.dylib.1.37 */; };
		458461E62DBA9BA80072E21E /* libASICamera2.dylib.1.37 in CopyFiles */ = {isa = PBXBuildFile; fileRef = 458461E42DBA9B9D0072E21E /* libASICamera2.dylib.1.37 */; settings = {ATTRIBUTES = (CodeSignOnCopy, ); }; };
		"A1A2AF04-352D-4A50-A89A-F537ADD7E9D0" /* ofxSyphonServerDirectory.mm in Sources */ = {isa = PBXBuildFile; fileRef = "B3DC36B7-08D6-4B72-BCCD-F1D732D1CEF0" /* ofxSyphonServerDirectory.mm */; };
		"D79DE131-31D7-47A9-B47E-15BF7C6D3142" /* ofxSyphonNSObject.mm in Sources */ = {isa = PBXBuildFile; fileRef = "63E6ECEE-FD06-4ED8-8B11-E145C6BCD900" /* ofxSyphonNSObject.mm */; };
		"E12E5C9E-535D-4D3A-B832-6F8CD26F3409" /* ofxSyphonServer.mm in Sources */ = {isa = PBXBuildFile; fileRef = "FAE0CFF7-7C89-4B2C-BC57-141E4EED0F26" /* ofxSyphonServer.mm */; };
		E4B69E200A3A1BDC003C02F2 /* main.cpp in Sources */ = {isa = PBXBuildFile; fileRef = E4B69E1D0A3A1BDC003C02F2 /* main.cpp */; };
		E4B69E210A3A1BDC003C02F2 /* ofApp.cpp in Sources */ = {isa = PBXBuildFile; fileRef = E4B69E1E0A3A1BDC003C02F2 /* ofApp.cpp */; };
		"F1854DB7-3E70-4563-A51A-85E659A544F0" /* Syphon.framework in Frameworks */ = {isa = PBXBuildFile; fileRef = "91BFF749-C518-4574-84AC-344A7D53EF5C" /* Syphon.framework */; };
/* End PBXBuildFile section */

/* Begin PBXCopyFilesBuildPhase section */
		E4C2427710CC5ABF004149E2 /* CopyFiles */ = {
			isa = PBXCopyFilesBuildPhase;
			buildActionMask = 2147483647;
			dstPath = "";
			dstSubfolderSpec = 10;
			files = (
				458461E62DBA9BA80072E21E /* libASICamera2.dylib.1.37 in CopyFiles */,
				"3DF34F6F-0B7A-444F-9709-E5D3FB482438" /* Syphon.framework in CopyFiles */,
			);
			runOnlyForDeploymentPostprocessing = 0;
		};
/* End PBXCopyFilesBuildPhase section */

/* Begin PBXFileReference section */
		191CD6FA2847E21E0085CBB6 /* of.entitlements */ = {isa = PBXFileReference; fileEncoding = 4; lastKnownFileType = text.plist.entitlements; path = of.entitlements; sourceTree = "<group>"; };
		191EF70929D778A400F35F26 /* openFrameworks */ = {isa = PBXFileReference; lastKnownFileType = folder; name = openFrameworks; path = ../../../libs/openFrameworks; sourceTree = SOURCE_ROOT; };
		"1DB9731C-C354-4C7C-BDC2-D8DA7080B634" /* ofxSyphonServer.h */ = {isa = PBXFileReference; explicitFileType = sourcecode.c.h; fileEncoding = 4; name = ofxSyphonServer.h; path = ../../../addons/ofxSyphon/src/ofxSyphonServer.h; sourceTree = SOURCE_ROOT; };
		"3DD8EE63-3316-4146-BA36-5D929F911389" /* ofxSyphonClient.h */ = {isa = PBXFileReference; explicitFileType = sourcecode.c.h; fileEncoding = 4; name = ofxSyphonClient.h; path = ../../../addons/ofxSyphon/src/ofxSyphonClient.h; sourceTree = SOURCE_ROOT; };
		458461E22DBA9B7D0072E21E /* libs */ = {isa = PBXFileReference; lastKnownFileType = folder; path = libs; sourceTree = "<group>"; };
		458461E42DBA9B9D0072E21E /* libASICamera2.dylib.1.37 */ = {isa = PBXFileReference; lastKnownFileType = "compiled.mach-o.dylib"; name = libASICamera2.dylib.1.37; path = libs/ASICamera2/libASICamera2.dylib.1.37; sourceTree = "<group>"; };
		458461E72DBA9CBA0072E21E /* libASICamera2.dylib.1.37 */ = {isa = PBXFileReference; lastKnownFileType = "compiled.mach-o.dylib"; name = libASICamera2.dylib.1.37; path = libs/ASICamera2/libASICamera2.dylib.1.37; sourceTree = "<group>"; };
		"63E6ECEE-FD06-4ED8-8B11-E145C6BCD900" /* ofxSyphonNSObject.mm */ = {isa = PBXFileReference; explicitFileType = sourcecode.cpp.objcpp; fileEncoding = 4; name = ofxSyphonNSObject.mm; path = ../../../addons/ofxSyphon/src/ofxSyphonNSObject.mm; sourceTree = SOURCE_ROOT; };
		"6F0097C2-3E16-46D0-A540-506B72887B1A" /* ofxSyphon.h */ = {isa = PBXFileReference; explicitFileType = sourcecode.c.h; fileEncoding = 4; name = ofxSyphon.h; path = ../../../addons/ofxSyphon/src/ofxSyphon.h; sourceTree = SOURCE_ROOT; };
		"7F76373E-E199-48A4-A374-57236C7675B3" /* ofxSyphonClient.mm */ = {isa = PBXFileReference; explicitFileType = sourcecode.cpp.objcpp; fileEncoding = 4; name = ofxSyphonClient.mm; path = ../../../addons/ofxSyphon/src/ofxSyphonClient.mm; sourceTree = SOURCE_ROOT; };
		"91BFF749-C518-4574-84AC-344A7D53EF5C" /* Syphon.framework */ = {isa = PBXFileReference; lastKnownFileType = wrapper.framework; name = Syphon.framework; path = ../../../addons/ofxSyphon/libs/Syphon/lib/osx/Syphon.framework; sourceTree = SOURCE_ROOT; };
		"A42BAF87-8589-473E-A4F9-41CCFA846539" /* ofxSyphonNSObject.hpp */ = {isa = PBXFileReference; explicitFileType = sourcecode.c.h; fileEncoding = 4; name = ofxSyphonNSObject.hpp; path = ../../../addons/ofxSyphon/src/ofxSyphonNSObject.hpp; sourceTree = SOURCE_ROOT; };
		"B3DC36B7-08D6-4B72-BCCD-F1D732D1CEF0" /* ofxSyphonServerDirectory.mm */ = {isa = PBXFileReference; explicitFileType = sourcecode.cpp.objcpp; fileEncoding = 4; name = ofxSyphonServerDirectory.mm; path = ../../../addons/ofxSyphon/src/ofxSyphonServerDirectory.mm; sourceTree = SOURCE_ROOT; };
		"E2900DA0-BC8C-45AD-BD39-2A4CE63E7B9A" /* SyphonNameboundClient.m */ = {isa = PBXFileReference; explicitFileType = sourcecode.cpp.objcpp; fileEncoding = 4; name = SyphonNameboundClient.m; path = ../../../addons/ofxSyphon/libs/Syphon/src/SyphonNameboundClient.m; sourceTree = SOURCE_ROOT; };
		"E4453DCE-3E6A-4995-9EC3-F5E24DEA001A" /* SyphonNameboundClient.h */ = {isa = PBXFileReference; explicitFileType = sourcecode.c.h; fileEncoding = 4; name = SyphonNameboundClient.h; path = ../../../addons/ofxSyphon/libs/Syphon/src/SyphonNameboundClient.h; sourceTree = SOURCE_ROOT; };
		E4B69B5B0A3A1756003C02F2 /* ZWOCameraBridgeDebug.app */ = {isa = PBXFileReference; explicitFileType = wrapper.application; includeInIndex = 0; path = ZWOCameraBridgeDebug.app; sourceTree = BUILT_PRODUCTS_DIR; };
		E4B69E1D0A3A1BDC003C02F2 /* main.cpp */ = {isa = PBXFileReference; fileEncoding = 4; lastKnownFileType = sourcecode.cpp.cpp; name = main.cpp; path = src/main.cpp; sourceTree = SOURCE_ROOT; };
		E4B69E1E0A3A1BDC003C02F2 /* ofApp.cpp */ = {isa = PBXFileReference; explicitFileType = sourcecode.cpp.cpp; fileEncoding = 4; name = ofApp.cpp; path = src/ofApp.cpp; sourceTree = SOURCE_ROOT; };
		E4B69E1F0A3A1BDC003C02F2 /* ofApp.h */ = {isa = PBXFileReference; fileEncoding = 4; lastKnownFileType = sourcecode.c.h; name = ofApp.h; path = src/ofApp.h; sourceTree = SOURCE_ROOT; };
		E4B6FCAD0C3E899E008CF71C /* openFrameworks-Info.plist */ = {isa = PBXFileReference; fileEncoding = 4; lastKnownFileType = text.plist.xml; path = "openFrameworks-Info.plist"; sourceTree = "<group>"; };
		E4EB6923138AFD0F00A09F29 /* Project.xcconfig */ = {isa = PBXFileReference; fileEncoding = 4; lastKnownFileType = text.xcconfig; path = Project.xcconfig; sourceTree = "<group>"; };
		"E842CA05-27B6-4081-8F54-DB6720BC9FBA" /* ofxSyphonServerDirectory.h */ = {isa = PBXFileReference; explicitFileType = sourcecode.c.h; fileEncoding = 4; name = ofxSyphonServerDirectory.h; path = ../../../addons/ofxSyphon/src/ofxSyphonServerDirectory.h; sourceTree = SOURCE_ROOT; };
		"FAE0CFF7-7C89-4B2C-BC57-141E4EED0F26" /* ofxSyphonServer.mm */ = {isa = PBXFileReference; explicitFileType = sourcecode.cpp.objcpp; fileEncoding = 4; name = ofxSyphonServer.mm; path = ../../../addons/ofxSyphon/src/ofxSyphonServer.mm; sourceTree = SOURCE_ROOT; };
/* End PBXFileReference section */

/* Begin PBXFrameworksBuildPhase section */
		E4B69B590A3A1756003C02F2 /* Frameworks */ = {
			isa = PBXFrameworksBuildPhase;
			buildActionMask = 2147483647;
			files = (
				458461E52DBA9B9D0072E21E /* libASICamera2.dylib.1.37 in Frameworks */,
				"F1854DB7-3E70-4563-A51A-85E659A544F0" /* Syphon.framework in Frameworks */,
			);
			runOnlyForDeploymentPostprocessing = 0;
		};
/* End PBXFrameworksBuildPhase section */

/* Begin PBXGroup section */
		"0E39FC46-CD15-4211-A4E2-F7953D826C8F" /* libs */ = {
			isa = PBXGroup;
			children = (
				"3068207C-467B-4F56-AF93-058611EA8A39" /* Syphon */,
			);
			name = libs;
			path = ../../../addons/ofxSyphon/libs;
			sourceTree = SOURCE_ROOT;
		};
		"1716170C-FF36-426A-9FB8-2C3E0C36823F" /* src */ = {
			isa = PBXGroup;
			children = (
				"6F0097C2-3E16-46D0-A540-506B72887B1A" /* ofxSyphon.h */,
				"3DD8EE63-3316-4146-BA36-5D929F911389" /* ofxSyphonClient.h */,
				"7F76373E-E199-48A4-A374-57236C7675B3" /* ofxSyphonClient.mm */,
				"A42BAF87-8589-473E-A4F9-41CCFA846539" /* ofxSyphonNSObject.hpp */,
				"63E6ECEE-FD06-4ED8-8B11-E145C6BCD900" /* ofxSyphonNSObject.mm */,
				"1DB9731C-C354-4C7C-BDC2-D8DA7080B634" /* ofxSyphonServer.h */,
				"FAE0CFF7-7C89-4B2C-BC57-141E4EED0F26" /* ofxSyphonServer.mm */,
				"E842CA05-27B6-4081-8F54-DB6720BC9FBA" /* ofxSyphonServerDirectory.h */,
				"B3DC36B7-08D6-4B72-BCCD-F1D732D1CEF0" /* ofxSyphonServerDirectory.mm */,
			);
			name = src;
			path = ../../../addons/ofxSyphon/src;
			sourceTree = SOURCE_ROOT;
		};
		"3068207C-467B-4F56-AF93-058611EA8A39" /* Syphon */ = {
			isa = PBXGroup;
			children = (
				"F44CAAD1-272A-4938-9DA3-0DC2C196CA5C" /* src */,
				"CE370AC7-817E-4F43-9224-5C7439ACF984" /* lib */,
			);
			name = Syphon;
			path = ../../../addons/ofxSyphon/libs/Syphon;
			sourceTree = SOURCE_ROOT;
		};
		458461E32DBA9B9D0072E21E /* Frameworks */ = {
			isa = PBXGroup;
			children = (
				458461E42DBA9B9D0072E21E /* libASICamera2.dylib.1.37 */,
			);
			name = Frameworks;
			sourceTree = "<group>";
		};
		"46C52FC3-9627-4ECC-B0E5-800D1D645D59" /* osx */ = {
			isa = PBXGroup;
			children = (
				"91BFF749-C518-4574-84AC-344A7D53EF5C" /* Syphon.framework */,
			);
			name = osx;
			sourceTree = SOURCE_ROOT;
		};
		BB4B014C10F69532006C3DED /* addons */ = {
			isa = PBXGroup;
			children = (
				"E0D0AADB-CB67-4887-9649-CF45E2563D7C" /* ofxSyphon */,
			);
			name = addons;
			path = ../../../addons;
			sourceTree = "<group>";
		};
		"CE370AC7-817E-4F43-9224-5C7439ACF984" /* lib */ = {
			isa = PBXGroup;
			children = (
				"46C52FC3-9627-4ECC-B0E5-800D1D645D59" /* osx */,
			);
			name = lib;
			sourceTree = SOURCE_ROOT;
		};
		"E0D0AADB-CB67-4887-9649-CF45E2563D7C" /* ofxSyphon */ = {
			isa = PBXGroup;
			children = (
				"0E39FC46-CD15-4211-A4E2-F7953D826C8F" /* libs */,
				"1716170C-FF36-426A-9FB8-2C3E0C36823F" /* src */,
			);
			name = ofxSyphon;
			path = ../../../addons/ofxSyphon;
			sourceTree = SOURCE_ROOT;
		};
		E4B69B4A0A3A1720003C02F2 = {
			isa = PBXGroup;
			children = (
				458461E72DBA9CBA0072E21E /* libASICamera2.dylib.1.37 */,
				191CD6FA2847E21E0085CBB6 /* of.entitlements */,
				E4B6FCAD0C3E899E008CF71C /* openFrameworks-Info.plist */,
				E4EB6923138AFD0F00A09F29 /* Project.xcconfig */,
				458461E22DBA9B7D0072E21E /* libs */,
				E4B69E1C0A3A1BDC003C02F2 /* src */,
				191EF70929D778A400F35F26 /* openFrameworks */,
				BB4B014C10F69532006C3DED /* addons */,
				E4B69B5B0A3A1756003C02F2 /* ZWOCameraBridgeDebug.app */,
				458461E32DBA9B9D0072E21E /* Frameworks */,
			);
			sourceTree = "<group>";
		};
		E4B69E1C0A3A1BDC003C02F2 /* src */ = {
			isa = PBXGroup;
			children = (
				E4B69E1D0A3A1BDC003C02F2 /* main.cpp */,
				E4B69E1E0A3A1BDC003C02F2 /* ofApp.cpp */,
				E4B69E1F0A3A1BDC003C02F2 /* ofApp.h */,
			);
			path = src;
			sourceTree = SOURCE_ROOT;
		};
		"F44CAAD1-272A-4938-9DA3-0DC2C196CA5C" /* src */ = {
			isa = PBXGroup;
			children = (
				"E4453DCE-3E6A-4995-9EC3-F5E24DEA001A" /* SyphonNameboundClient.h */,
				"E2900DA0-BC8C-45AD-BD39-2A4CE63E7B9A" /* SyphonNameboundClient.m */,
			);
			name = src;
			path = ../../../addons/ofxSyphon/libs/Syphon/src;
			sourceTree = SOURCE_ROOT;
		};
/* End PBXGroup section */

/* Begin PBXNativeTarget section */
		E4B69B5A0A3A1756003C02F2 /* ZWOCameraBridge */ = {
			isa = PBXNativeTarget;
			buildConfigurationList = E4B69B5F0A3A1757003C02F2 /* Build configuration list for PBXNativeTarget "ZWOCameraBridge" */;
			buildPhases = (
				E42962A92163ECCD00A6A9E2 /* Run Script — Compile OF */,
				E4B69B580A3A1756003C02F2 /* Sources */,
				E4B69B590A3A1756003C02F2 /* Frameworks */,
				E4C2427710CC5ABF004149E2 /* CopyFiles */,
				458461E82DBA9D1E0072E21E /* ShellScript */,
				19B789C429E5AB4A0082E9B8 /* ShellScript */,
			);
			buildRules = (
			);
			dependencies = (
			);
			name = ZWOCameraBridge;
			productName = myOFApp;
			productReference = E4B69B5B0A3A1756003C02F2 /* ZWOCameraBridgeDebug.app */;
			productType = "com.apple.product-type.application";
		};
/* End PBXNativeTarget section */

/* Begin PBXProject section */
		E4B69B4C0A3A1720003C02F2 /* Project object */ = {
			isa = PBXProject;
			attributes = {
				LastUpgradeCheck = 0600;
			};
			buildConfigurationList = E4B69B4D0A3A1720003C02F2 /* Build configuration list for PBXProject "ZWOCameraBridge" */;
			compatibilityVersion = "Xcode 3.2";
			developmentRegion = en;
			hasScannedForEncodings = 0;
			knownRegions = (
				en,
				Base,
			);
			mainGroup = E4B69B4A0A3A1720003C02F2;
			productRefGroup = E4B69B4A0A3A1720003C02F2;
			projectDirPath = "";
			projectRoot = "";
			targets = (
				E4B69B5A0A3A1756003C02F2 /* ZWOCameraBridge */,
			);
		};
/* End PBXProject section */

/* Begin PBXShellScriptBuildPhase section */
		19B789C429E5AB4A0082E9B8 /* ShellScript */ = {
			isa = PBXShellScriptBuildPhase;
			buildActionMask = 2147483647;
			files = (
			);
			inputFileListPaths = (
			);
			inputPaths = (
			);
			outputFileListPaths = (
			);
			outputPaths = (
			);
			runOnlyForDeploymentPostprocessing = 0;
			shellPath = /bin/sh;
			shellScript = "\"$OF_PATH/scripts/osx/xcode_project.sh\"\n";
			showEnvVarsInLog = 0;
		};
		458461E82DBA9D1E0072E21E /* ShellScript */ = {
			isa = PBXShellScriptBuildPhase;
			buildActionMask = 2147483647;
			files = (
			);
			inputFileListPaths = (
			);
			inputPaths = (
			);
			outputFileListPaths = (
			);
			outputPaths = (
			);
			runOnlyForDeploymentPostprocessing = 0;
			shellPath = /bin/sh;
			shellScript = "# Type a script or drag a script file from your workspace to insert its path.\nln -sf \"${BUILT_PRODUCTS_DIR}/${FULL_PRODUCT_NAME}/Contents/Frameworks/libASICamera2.dylib.1.37\" \"${BUILT_PRODUCTS_DIR}/${FULL_PRODUCT_NAME}/Contents/Frameworks/libASICamera2.dylib\"\ninstall_name_tool -change @loader_path/libASICamera2.dylib @loader_path/../Frameworks/libASICamera2.dylib \"${BUILT_PRODUCTS_DIR}/${FULL_PRODUCT_NAME}/Contents/MacOS/${PRODUCT_NAME}\"\n";
		};
		E42962A92163ECCD00A6A9E2 /* Run Script — Compile OF */ = {
			isa = PBXShellScriptBuildPhase;
			alwaysOutOfDate = 1;
			buildActionMask = 2147483647;
			files = (
			);
			inputPaths = (
			);
			name = "Run Script — Compile OF";
			outputPaths = (
			);
			runOnlyForDeploymentPostprocessing = 0;
			shellPath = /bin/sh;
			shellScript = "echo \"💾 Compiling Openframeworks\"\nxcodebuild -project \"$OF_PATH/libs/openFrameworksCompiled/project/osx/openFrameworksLib.xcodeproj\" -target openFrameworks -configuration \"${CONFIGURATION}\"  CLANG_CXX_LANGUAGE_STANDARD=$CLANG_CXX_LANGUAGE_STANDARD MACOSX_DEPLOYMENT_TARGET=$MACOSX_DEPLOYMENT_TARGET GCC_PREPROCESSOR_DEFINITIONS=$USER_PREPROCESSOR_DEFINITIONS\n";
			showEnvVarsInLog = 0;
		};
/* End PBXShellScriptBuildPhase section */

/* Begin PBXSourcesBuildPhase section */
		E4B69B580A3A1756003C02F2 /* Sources */ = {
			isa = PBXSourcesBuildPhase;
			buildActionMask = 2147483647;
			files = (
				E4B69E200A3A1BDC003C02F2 /* main.cpp in Sources */,
				E4B69E210A3A1BDC003C02F2 /* ofApp.cpp in Sources */,
				"1F0697F6-075F-4263-936D-ABD0717789AC" /* SyphonNameboundClient.m in Sources */,
				"28EC23BA-8B49-49E1-AA9B-C3C935A6CBD3" /* ofxSyphonClient.mm in Sources */,
				"D79DE131-31D7-47A9-B47E-15BF7C6D3142" /* ofxSyphonNSObject.mm in Sources */,
				"E12E5C9E-535D-4D3A-B832-6F8CD26F3409" /* ofxSyphonServer.mm in Sources */,
				"A1A2AF04-352D-4A50-A89A-F537ADD7E9D0" /* ofxSyphonServerDirectory.mm in Sources */,
			);
			runOnlyForDeploymentPostprocessing = 0;
		};
/* End PBXSourcesBuildPhase section */

/* Begin XCBuildConfiguration section */
		E4B69B4E0A3A1720003C02F2 /* Debug */ = {
			isa = XCBuildConfiguration;
			baseConfigurationReference = E4EB6923138AFD0F00A09F29 /* Project.xcconfig */;
			buildSettings = {
				CODE_SIGN_ENTITLEMENTS = of.entitlements;
				COPY_PHASE_STRIP = NO;
				ENABLE_TESTABILITY = YES;
				GCC_OPTIMIZATION_LEVEL = 0;
				GCC_WARN_UNUSED_VARIABLE = NO;
				HEADER_SEARCH_PATHS = (
					"$(OF_CORE_HEADERS)",
					src,
				);
				OTHER_CPLUSPLUSFLAGS = "-D__MACOSX_CORE__";
			};
			name = Debug;
		};
		E4B69B4F0A3A1720003C02F2 /* Release */ = {
			isa = XCBuildConfiguration;
			baseConfigurationReference = E4EB6923138AFD0F00A09F29 /* Project.xcconfig */;
			buildSettings = {
				CODE_SIGN_ENTITLEMENTS = of.entitlements;
				COPY_PHASE_STRIP = YES;
				GCC_OPTIMIZATION_LEVEL = 3;
				GCC_UNROLL_LOOPS = YES;
				HEADER_SEARCH_PATHS = (
					"$(OF_CORE_HEADERS)",
					src,
				);
				OTHER_CPLUSPLUSFLAGS = "-D__MACOSX_CORE__";
			};
			name = Release;
		};
		E4B69B600A3A1757003C02F2 /* Debug */ = {
			isa = XCBuildConfiguration;
			baseConfigurationReference = E4EB6923138AFD0F00A09F29 /* Project.xcconfig */;
			buildSettings = {
				ARCHS = "$(ARCHS_STANDARD)";
				COPY_PHASE_STRIP = NO;
				"DEVELOPMENT_TEAM[sdk=macosx*]" = RT9W4VJ635;
				EXCLUDED_ARCHS = arm64;
				FRAMEWORK_SEARCH_PATHS = (
					"$(inherited)",
					../../../addons/ofxSyphon/libs/Syphon/lib/osx,
				);
				GCC_DYNAMIC_NO_PIC = NO;
				HEADER_SEARCH_PATHS = (
					"$(OF_CORE_HEADERS)",
					src,
					../../../addons/ofxSyphon/libs,
					../../../addons/ofxSyphon/libs/Syphon,
					../../../addons/ofxSyphon/libs/Syphon/lib,
					../../../addons/ofxSyphon/libs/Syphon/lib/osx,
					../../../addons/ofxSyphon/libs/Syphon/src,
					../../../addons/ofxSyphon/src,
				);
				LIBRARY_SEARCH_PATHS = (
					"$(inherited)",
					"$(PROJECT_DIR)/libs/ASICamera2",
				);
				OTHER_CFLAGS = "-F../../../addons/ofxSyphon/libs/Syphon/lib/osx/";
				OTHER_LDFLAGS = (
					"$(OF_CORE_LIBS)",
					"$(OF_CORE_FRAMEWORKS)",
					"$(LIB_OF_DEBUG)",
					"-F../../../addons/ofxSyphon/libs/Syphon/lib/osx/",
					"-framework",
					Syphon,
				);
			};
			name = Debug;
		};
		E4B69B610A3A1757003C02F2 /* Release */ = {
			isa = XCBuildConfiguration;
			baseConfigurationReference = E4EB6923138AFD0F00A09F29 /* Project.xcconfig */;
			buildSettings = {
				ARCHS = "$(ARCHS_STANDARD)";
				COPY_PHASE_STRIP = YES;
				"DEVELOPMENT_TEAM[sdk=macosx*]" = RT9W4VJ635;
				EXCLUDED_ARCHS = arm64;
				FRAMEWORK_SEARCH_PATHS = (
					"$(inherited)",
					../../../addons/ofxSyphon/libs/Syphon/lib/osx,
				);
				HEADER_SEARCH_PATHS = (
					"$(OF_CORE_HEADERS)",
					src,
					../../../addons/ofxSyphon/libs,
					../../../addons/ofxSyphon/libs/Syphon,
					../../../addons/ofxSyphon/libs/Syphon/lib,
					../../../addons/ofxSyphon/libs/Syphon/lib/osx,
					../../../addons/ofxSyphon/libs/Syphon/src,
					../../../addons/ofxSyphon/src,
				);
				LIBRARY_SEARCH_PATHS = (
					"$(inherited)",
					"$(PROJECT_DIR)/libs/ASICamera2",
				);
				OTHER_CFLAGS = "-F../../../addons/ofxSyphon/libs/Syphon/lib/osx/";
				OTHER_LDFLAGS = (
					"$(OF_CORE_LIBS)",
					"$(OF_CORE_FRAMEWORKS)",
					"$(LIB_OF)",
					"-F../../../addons/ofxSyphon/libs/Syphon/lib/osx/",
					"-framework",
					Syphon,
				);
				baseConfigurationReference = E4EB6923138AFD0F00A09F29;
			};
			name = Release;
		};
/* End XCBuildConfiguration section */

/* Begin XCConfigurationList section */
		E4B69B4D0A3A1720003C02F2 /* Build configuration list for PBXProject "ZWOCameraBridge" */ = {
			isa = XCConfigurationList;
			buildConfigurations = (
				E4B69B4E0A3A1720003C02F2 /* Debug */,
				E4B69B4F0A3A1720003C02F2 /* Release */,
			);
			defaultConfigurationIsVisible = 0;
			defaultConfigurationName = Release;
		};
		E4B69B5F0A3A1757003C02F2 /* Build configuration list for PBXNativeTarget "ZWOCameraBridge" */ = {
			isa = XCConfigurationList;
			buildConfigurations = (
				E4B69B600A3A1757003C02F2 /* Debug */,
				E4B69B610A3A1757003C02F2 /* Release */,
			);
			defaultConfigurationIsVisible = 0;
			defaultConfigurationName = Release;
		};
/* End XCConfigurationList section */
	};
	rootObject = E4B69B4C0A3A1720003C02F2 /* Project object */;
}
